
Microsoft Visual Studio Solution File, Format Version 12.00
# Visual Studio Version 17
VisualStudioVersion = 17.2.32519.379
MinimumVisualStudioVersion = 10.0.40219.1
Project("{FAE04EC0-301F-11D3-BF4B-00C04F79EFBC}") = "Annex.ClassDomain", "Annex.ClassDomain\Annex.ClassDomain.csproj", "{19C9DCD3-E8B2-4397-B4A6-4E035D9816F5}"
EndProject
Project("{FAE04EC0-301F-11D3-BF4B-00C04F79EFBC}") = "Annex.ClassDTO", "Annex.ClassDTO\Annex.ClassDTO.csproj", "{F9109B14-2076-46FD-B5AE-CEE69AE477F8}"
EndProject
Project("{FAE04EC0-301F-11D3-BF4B-00C04F79EFBC}") = "Annex.Common", "Annex.Common\Annex.Common.csproj", "{C97BF96C-CD84-4D50-8E50-FBF3E90A74E3}"
EndProject
Project("{FAE04EC0-301F-11D3-BF4B-00C04F79EFBC}") = "Annex.DataLayer", "Annex.DataLayer\Annex.DataLayer.csproj", "{3E433E7C-86F4-4C0C-A8E9-7EC856E8CC48}"
EndProject
Project("{FAE04EC0-301F-11D3-BF4B-00C04F79EFBC}") = "Annex.FluentAPI", "Annex.FluentAPI\Annex.FluentAPI.csproj", "{B86D08ED-94FD-4AFA-BB18-15A1E8413DAE}"
EndProject
Project("{FAE04EC0-301F-11D3-BF4B-00C04F79EFBC}") = "Annex.InterfaceService", "Annex.InterfaceService\Annex.InterfaceService.csproj", "{85471C1D-AD09-48E4-98D8-243F9E84A8F0}"
EndProject
Project("{FAE04EC0-301F-11D3-BF4B-00C04F79EFBC}") = "Annex.Service", "Annex.Service\Annex.Service.csproj", "{29510566-ACEE-4117-BFFA-AFA623C3951B}"
EndProject
Project("{FAE04EC0-301F-11D3-BF4B-00C04F79EFBC}") = "Annex.WebApi", "Annex.WebApi\Annex.WebApi.csproj", "{37D45753-7B7C-4B74-862D-82665763F02B}"
EndProject
Global
	GlobalSection(SolutionConfigurationPlatforms) = preSolution
		Debug|Any CPU = Debug|Any CPU
		Release|Any CPU = Release|Any CPU
	EndGlobalSection
	GlobalSection(ProjectConfigurationPlatforms) = postSolution
		{19C9DCD3-E8B2-4397-B4A6-4E035D9816F5}.Debug|Any CPU.ActiveCfg = Debug|Any CPU
		{19C9DCD3-E8B2-4397-B4A6-4E035D9816F5}.Debug|Any CPU.Build.0 = Debug|Any CPU
		{19C9DCD3-E8B2-4397-B4A6-4E035D9816F5}.Release|Any CPU.ActiveCfg = Release|Any CPU
		{19C9DCD3-E8B2-4397-B4A6-4E035D9816F5}.Release|Any CPU.Build.0 = Release|Any CPU
		{F9109B14-2076-46FD-B5AE-CEE69AE477F8}.Debug|Any CPU.ActiveCfg = Debug|Any CPU
		{F9109B14-2076-46FD-B5AE-CEE69AE477F8}.Debug|Any CPU.Build.0 = Debug|Any CPU
		{F9109B14-2076-46FD-B5AE-CEE69AE477F8}.Release|Any CPU.ActiveCfg = Release|Any CPU
		{F9109B14-2076-46FD-B5AE-CEE69AE477F8}.Release|Any CPU.Build.0 = Release|Any CPU
		{C97BF96C-CD84-4D50-8E50-FBF3E90A74E3}.Debug|Any CPU.ActiveCfg = Debug|Any CPU
		{C97BF96C-CD84-4D50-8E50-FBF3E90A74E3}.Debug|Any CPU.Build.0 = Debug|Any CPU
		{C97BF96C-CD84-4D50-8E50-FBF3E90A74E3}.Release|Any CPU.ActiveCfg = Release|Any CPU
		{C97BF96C-CD84-4D50-8E50-FBF3E90A74E3}.Release|Any CPU.Build.0 = Release|Any CPU
		{3E433E7C-86F4-4C0C-A8E9-7EC856E8CC48}.Debug|Any CPU.ActiveCfg = Debug|Any CPU
		{3E433E7C-86F4-4C0C-A8E9-7EC856E8CC48}.Debug|Any CPU.Build.0 = Debug|Any CPU
		{3E433E7C-86F4-4C0C-A8E9-7EC856E8CC48}.Release|Any CPU.ActiveCfg = Release|Any CPU
		{3E433E7C-86F4-4C0C-A8E9-7EC856E8CC48}.Release|Any CPU.Build.0 = Release|Any CPU
		{B86D08ED-94FD-4AFA-BB18-15A1E8413DAE}.Debug|Any CPU.ActiveCfg = Debug|Any CPU
		{B86D08ED-94FD-4AFA-BB18-15A1E8413DAE}.Debug|Any CPU.Build.0 = Debug|Any CPU
		{B86D08ED-94FD-4AFA-BB18-15A1E8413DAE}.Release|Any CPU.ActiveCfg = Release|Any CPU
		{B86D08ED-94FD-4AFA-BB18-15A1E8413DAE}.Release|Any CPU.Build.0 = Release|Any CPU
		{85471C1D-AD09-48E4-98D8-243F9E84A8F0}.Debug|Any CPU.ActiveCfg = Debug|Any CPU
		{85471C1D-AD09-48E4-98D8-243F9E84A8F0}.Debug|Any CPU.Build.0 = Debug|Any CPU
		{85471C1D-AD09-48E4-98D8-243F9E84A8F0}.Release|Any CPU.ActiveCfg = Release|Any CPU
		{85471C1D-AD09-48E4-98D8-243F9E84A8F0}.Release|Any CPU.Build.0 = Release|Any CPU
		{29510566-ACEE-4117-BFFA-AFA623C3951B}.Debug|Any CPU.ActiveCfg = Debug|Any CPU
		{29510566-ACEE-4117-BFFA-AFA623C3951B}.Debug|Any CPU.Build.0 = Debug|Any CPU
		{29510566-ACEE-4117-BFFA-AFA623C3951B}.Release|Any CPU.ActiveCfg = Release|Any CPU
		{29510566-ACEE-4117-BFFA-AFA623C3951B}.Release|Any CPU.Build.0 = Release|Any CPU
		{37D45753-7B7C-4B74-862D-82665763F02B}.Debug|Any CPU.ActiveCfg = Debug|Any CPU
		{37D45753-7B7C-4B74-862D-82665763F02B}.Debug|Any CPU.Build.0 = Debug|Any CPU
		{37D45753-7B7C-4B74-862D-82665763F02B}.Release|Any CPU.ActiveCfg = Release|Any CPU
		{37D45753-7B7C-4B74-862D-82665763F02B}.Release|Any CPU.Build.0 = Release|Any CPU
	EndGlobalSection
	GlobalSection(SolutionProperties) = preSolution
		HideSolutionNode = FALSE
	EndGlobalSection
	GlobalSection(ExtensibilityGlobals) = postSolution
		SolutionGuid = {D1CA0783-7439-4D8F-96A6-7E1D98CC5D06}
	EndGlobalSection
EndGlobal
